# This file is generated by running "yarn install" inside your project.
# Manual changes might be lost - proceed with caution!

__metadata:
  version: 6
  cacheKey: 8

"@react-native-camera-roll/camera-roll@npm:^5.2.4":
  version: 5.3.1
  resolution: "@react-native-camera-roll/camera-roll@npm:5.3.1"
  peerDependencies:
    react-native: ">=0.59"
  checksum: 1acda2c68a3038f50b4a4f77b542363313c96ed2c6403298d331f4b6d1cba1c613f088247a59e8f6babf5e5e1bca574b06adce4b8d56bd74cb056eadd168ef9c
  languageName: node
  linkType: hard

"@react-native/normalize-colors@npm:*":
  version: 0.72.0
  resolution: "@react-native/normalize-colors@npm:0.72.0"
  checksum: c8ec577663394a3390eb34c3cd531350521172bcfad7de309ab111e5f9e3d27c966d4a4387f00972302107be3d8cad584c5794ccfa30939aecc56162e4ddbe25
  languageName: node
  linkType: hard

"deprecated-react-native-prop-types@npm:*":
  version: 4.0.0
  resolution: "deprecated-react-native-prop-types@npm:4.0.0"
  dependencies:
    "@react-native/normalize-colors": "*"
    invariant: "*"
    prop-types: "*"
  checksum: 3542c70d0379153c946bc2e23202405df4337be3dc2a96601b6696247097e13405091efa7640841f8c920d3239145d8c024e13758c65a884a207b88ec2c826aa
  languageName: node
  linkType: hard

"invariant@npm:*":
  version: 2.2.4
  resolution: "invariant@npm:2.2.4"
  dependencies:
    loose-envify: ^1.0.0
  checksum: cc3182d793aad82a8d1f0af697b462939cb46066ec48bbf1707c150ad5fad6406137e91a262022c269702e01621f35ef60269f6c0d7fd178487959809acdfb14
  languageName: node
  linkType: hard

"js-tokens@npm:^3.0.0 || ^4.0.0":
  version: 4.0.0
  resolution: "js-tokens@npm:4.0.0"
  checksum: 8a95213a5a77deb6cbe94d86340e8d9ace2b93bc367790b260101d2f36a2eaf4e4e22d9fa9cf459b38af3a32fb4190e638024cf82ec95ef708680e405ea7cc78
  languageName: node
  linkType: hard

"loose-envify@npm:^1.0.0, loose-envify@npm:^1.4.0":
  version: 1.4.0
  resolution: "loose-envify@npm:1.4.0"
  dependencies:
    js-tokens: ^3.0.0 || ^4.0.0
  bin:
    loose-envify: cli.js
  checksum: 6517e24e0cad87ec9888f500c5b5947032cdfe6ef65e1c1936a0c48a524b81e65542c9c3edc91c97d5bddc806ee2a985dbc79be89215d613b1de5db6d1cfe6f4
  languageName: node
  linkType: hard

"object-assign@npm:^4.1.1":
  version: 4.1.1
  resolution: "object-assign@npm:4.1.1"
  checksum: fcc6e4ea8c7fe48abfbb552578b1c53e0d194086e2e6bbbf59e0a536381a292f39943c6e9628af05b5528aa5e3318bb30d6b2e53cadaf5b8fe9e12c4b69af23f
  languageName: node
  linkType: hard

"prop-types@npm:*":
  version: 15.8.1
  resolution: "prop-types@npm:15.8.1"
  dependencies:
    loose-envify: ^1.4.0
    object-assign: ^4.1.1
    react-is: ^16.13.1
  checksum: c056d3f1c057cb7ff8344c645450e14f088a915d078dcda795041765047fa080d38e5d626560ccaac94a4e16e3aa15f3557c1a9a8d1174530955e992c675e459
  languageName: node
  linkType: hard

"prop-types@npm:^15.6.0":
  version: 15.7.2
  resolution: "prop-types@npm:15.7.2"
  dependencies:
    loose-envify: ^1.4.0
    object-assign: ^4.1.1
    react-is: ^16.8.1
  checksum: 5eef82fdda64252c7e75aa5c8cc28a24bbdece0f540adb60ce67c205cf978a5bd56b83e4f269f91c6e4dcfd80b36f2a2dec24d362e278913db2086ca9c6f9430
  languageName: node
  linkType: hard

"react-is@npm:^16.13.1":
  version: 16.13.1
  resolution: "react-is@npm:16.13.1"
  checksum: f7a19ac3496de32ca9ae12aa030f00f14a3d45374f1ceca0af707c831b2a6098ef0d6bdae51bd437b0a306d7f01d4677fcc8de7c0d331eb47ad0f46130e53c5f
  languageName: node
  linkType: hard

"react-is@npm:^16.8.1":
  version: 16.12.0
  resolution: "react-is@npm:16.12.0"
  checksum: 344dea88c669e94043426bffa8375414efcece8a84f0afba115b9d4d528d74f79e181e9ec57f60f0efb7204e631fb1ac885da2b2c5c67f1348a4f1e8e1654653
  languageName: node
  linkType: hard

"react-native-camera-roll-picker@workspace:.":
  version: 0.0.0-use.local
  resolution: "react-native-camera-roll-picker@workspace:."
  dependencies:
    "@react-native-camera-roll/camera-roll": ^5.2.4
    deprecated-react-native-prop-types: "*"
    prop-types: ^15.6.0
  languageName: unknown
  linkType: soft
